
Microsoft Visual Studio Solution File, Format Version 12.00
# Visual Studio Version 17
VisualStudioVersion = 17.13.35931.197 d17.13
MinimumVisualStudioVersion = 10.0.40219.1
Project("{C9674DCB-5085-4A16-B785-4C70DD1589BD}") = "DWBI_Assignment", "DWBI_Assignment\DWBI_Assignment.dtproj", "{9DD5411C-EF3D-F976-386B-DC7491BB065A}"
EndProject
Global
	GlobalSection(SolutionConfigurationPlatforms) = preSolution
		Development|Default = Development|Default
	EndGlobalSection
	GlobalSection(ProjectConfigurationPlatforms) = postSolution
		{9DD5411C-EF3D-F976-386B-DC7491BB065A}.Development|Default.ActiveCfg = Development
		{9DD5411C-EF3D-F976-386B-DC7491BB065A}.Development|Default.Build.0 = Development
	EndGlobalSection
	GlobalSection(SolutionProperties) = preSolution
		HideSolutionNode = FALSE
	EndGlobalSection
	GlobalSection(ExtensibilityGlobals) = postSolution
		SolutionGuid = {C145F0DF-AC7C-4D75-A068-7DB6F415BE78}
	EndGlobalSection
EndGlobal
